
Microsoft Visual Studio Solution File, Format Version 12.00
# Visual Studio 2013
VisualStudioVersion = 12.0.21005.1
MinimumVisualStudioVersion = 10.0.40219.1
Project("{FAE04EC0-301F-11D3-BF4B-00C04F79EFBC}") = "BiedaService", "BiedaService\BiedaService.csproj", "{D16D8AF3-8E1F-41EF-A71A-32605E2921E5}"
EndProject
Project("{E24C65DC-7377-472B-9ABA-BC803B73C61A}") = "HostDevServer", "http://localhost:1931", "{2C5CDD19-6611-424B-976A-44030F8519FA}"
	ProjectSection(WebsiteProperties) = preProject
		UseIISExpress = "true"
		TargetFrameworkMoniker = ".NETFramework,Version%3Dv4.5"
		ProjectReferences = "{d16d8af3-8e1f-41ef-a71a-32605e2921e5}|BiedaService.dll;"
		Debug.AspNetCompiler.VirtualPath = "/localhost_1931"
		Debug.AspNetCompiler.PhysicalPath = "HostDevServer\"
		Debug.AspNetCompiler.TargetPath = "PrecompiledWeb\localhost_1931\"
		Debug.AspNetCompiler.Updateable = "true"
		Debug.AspNetCompiler.ForceOverwrite = "true"
		Debug.AspNetCompiler.FixedNames = "false"
		Debug.AspNetCompiler.Debug = "True"
		Release.AspNetCompiler.VirtualPath = "/localhost_1931"
		Release.AspNetCompiler.PhysicalPath = "HostDevServer\"
		Release.AspNetCompiler.TargetPath = "PrecompiledWeb\localhost_1931\"
		Release.AspNetCompiler.Updateable = "true"
		Release.AspNetCompiler.ForceOverwrite = "true"
		Release.AspNetCompiler.FixedNames = "false"
		Release.AspNetCompiler.Debug = "False"
		SlnRelativePath = "HostDevServer\"
		DefaultWebSiteLanguage = "Visual C#"
	EndProjectSection
EndProject
Global
	GlobalSection(SolutionConfigurationPlatforms) = preSolution
		Debug|Any CPU = Debug|Any CPU
		Release|Any CPU = Release|Any CPU
	EndGlobalSection
	GlobalSection(ProjectConfigurationPlatforms) = postSolution
		{D16D8AF3-8E1F-41EF-A71A-32605E2921E5}.Debug|Any CPU.ActiveCfg = Debug|Any CPU
		{D16D8AF3-8E1F-41EF-A71A-32605E2921E5}.Debug|Any CPU.Build.0 = Debug|Any CPU
		{D16D8AF3-8E1F-41EF-A71A-32605E2921E5}.Release|Any CPU.ActiveCfg = Release|Any CPU
		{D16D8AF3-8E1F-41EF-A71A-32605E2921E5}.Release|Any CPU.Build.0 = Release|Any CPU
		{2C5CDD19-6611-424B-976A-44030F8519FA}.Debug|Any CPU.ActiveCfg = Debug|Any CPU
		{2C5CDD19-6611-424B-976A-44030F8519FA}.Debug|Any CPU.Build.0 = Debug|Any CPU
		{2C5CDD19-6611-424B-976A-44030F8519FA}.Release|Any CPU.ActiveCfg = Debug|Any CPU
		{2C5CDD19-6611-424B-976A-44030F8519FA}.Release|Any CPU.Build.0 = Debug|Any CPU
	EndGlobalSection
	GlobalSection(SolutionProperties) = preSolution
		HideSolutionNode = FALSE
	EndGlobalSection
EndGlobal
